
Microsoft Visual Studio Solution File, Format Version 12.00
# Visual Studio Version 17
VisualStudioVersion = 17.4.33213.308
MinimumVisualStudioVersion = 10.0.40219.1
Project("{FAE04EC0-301F-11D3-BF4B-00C04F79EFBC}") = "lab2", "lab2\lab2.csproj", "{08F01A1D-8341-4AA3-9DF2-230F7B7914EC}"
EndProject
Global
	GlobalSection(SolutionConfigurationPlatforms) = preSolution
		Debug|Any CPU = Debug|Any CPU
		Release|Any CPU = Release|Any CPU
	EndGlobalSection
	GlobalSection(ProjectConfigurationPlatforms) = postSolution
		{08F01A1D-8341-4AA3-9DF2-230F7B7914EC}.Debug|Any CPU.ActiveCfg = Debug|Any CPU
		{08F01A1D-8341-4AA3-9DF2-230F7B7914EC}.Debug|Any CPU.Build.0 = Debug|Any CPU
		{08F01A1D-8341-4AA3-9DF2-230F7B7914EC}.Release|Any CPU.ActiveCfg = Release|Any CPU
		{08F01A1D-8341-4AA3-9DF2-230F7B7914EC}.Release|Any CPU.Build.0 = Release|Any CPU
	EndGlobalSection
	GlobalSection(SolutionProperties) = preSolution
		HideSolutionNode = FALSE
	EndGlobalSection
	GlobalSection(ExtensibilityGlobals) = postSolution
		SolutionGuid = {BED3C0BA-B58E-4DE2-8980-D30837684AC3}
	EndGlobalSection
EndGlobal
